
Microsoft Visual Studio Solution File, Format Version 12.00
# Visual Studio Version 17
VisualStudioVersion = 17.5.33424.131
MinimumVisualStudioVersion = 10.0.40219.1
Project("{FAE04EC0-301F-11D3-BF4B-00C04F79EFBC}") = "Theme_34_ConnectionString", "Theme_34_ConnectionString\Theme_34_ConnectionString.csproj", "{07F95D4B-A0E6-4F35-9347-535500700169}"
EndProject
Global
	GlobalSection(SolutionConfigurationPlatforms) = preSolution
		Debug|Any CPU = Debug|Any CPU
		Release|Any CPU = Release|Any CPU
	EndGlobalSection
	GlobalSection(ProjectConfigurationPlatforms) = postSolution
		{07F95D4B-A0E6-4F35-9347-535500700169}.Debug|Any CPU.ActiveCfg = Debug|Any CPU
		{07F95D4B-A0E6-4F35-9347-535500700169}.Debug|Any CPU.Build.0 = Debug|Any CPU
		{07F95D4B-A0E6-4F35-9347-535500700169}.Release|Any CPU.ActiveCfg = Release|Any CPU
		{07F95D4B-A0E6-4F35-9347-535500700169}.Release|Any CPU.Build.0 = Release|Any CPU
	EndGlobalSection
	GlobalSection(SolutionProperties) = preSolution
		HideSolutionNode = FALSE
	EndGlobalSection
	GlobalSection(ExtensibilityGlobals) = postSolution
		SolutionGuid = {FD4B4C5E-8CCF-4264-BF6F-FB260F15B227}
	EndGlobalSection
EndGlobal
