
Microsoft Visual Studio Solution File, Format Version 12.00
# Visual Studio Version 17
VisualStudioVersion = 17.5.33424.131
MinimumVisualStudioVersion = 10.0.40219.1
Project("{FAE04EC0-301F-11D3-BF4B-00C04F79EFBC}") = "Theme_32_Lesson_2_DataBase_from_CSV_15.12.2023", "Theme_32_Lesson_2_DataBase_from_CSV_15.12.2023\Theme_32_Lesson_2_DataBase_from_CSV_15.12.2023.csproj", "{4B4177E0-8414-4819-A6D3-39AE996D8EA8}"
EndProject
Global
	GlobalSection(SolutionConfigurationPlatforms) = preSolution
		Debug|Any CPU = Debug|Any CPU
		Release|Any CPU = Release|Any CPU
	EndGlobalSection
	GlobalSection(ProjectConfigurationPlatforms) = postSolution
		{4B4177E0-8414-4819-A6D3-39AE996D8EA8}.Debug|Any CPU.ActiveCfg = Debug|Any CPU
		{4B4177E0-8414-4819-A6D3-39AE996D8EA8}.Debug|Any CPU.Build.0 = Debug|Any CPU
		{4B4177E0-8414-4819-A6D3-39AE996D8EA8}.Release|Any CPU.ActiveCfg = Release|Any CPU
		{4B4177E0-8414-4819-A6D3-39AE996D8EA8}.Release|Any CPU.Build.0 = Release|Any CPU
	EndGlobalSection
	GlobalSection(SolutionProperties) = preSolution
		HideSolutionNode = FALSE
	EndGlobalSection
	GlobalSection(ExtensibilityGlobals) = postSolution
		SolutionGuid = {85C3AFB2-E2C2-4C5D-A202-35940AA9952C}
	EndGlobalSection
EndGlobal
